
Microsoft Visual Studio Solution File, Format Version 12.00
# Visual Studio 15
VisualStudioVersion = 15.0.26430.15
MinimumVisualStudioVersion = 10.0.40219.1
Project("{FAE04EC0-301F-11D3-BF4B-00C04F79EFBC}") = "Parliament.Ontology.Mapper", "Parliament.Ontology.Mapper\Parliament.Ontology.Mapper.csproj", "{8BB259BD-BAFE-4F68-973E-1DFF80166578}"
EndProject
Project("{FAE04EC0-301F-11D3-BF4B-00C04F79EFBC}") = "Parliament.Ontology.Base", "Parliament.Ontology.Base\Parliament.Ontology.Base.csproj", "{4A0C2352-D095-4E5D-A5E9-6DE082C657E7}"
EndProject
Project("{FAE04EC0-301F-11D3-BF4B-00C04F79EFBC}") = "Parliament.Ontology.Serializer", "Parliament.Ontology.Serializer\Parliament.Ontology.Serializer.csproj", "{98EC93F0-ACAE-4A40-88C2-2634611E9F8C}"
EndProject
Project("{FAE04EC0-301F-11D3-BF4B-00C04F79EFBC}") = "Parliament.Ontology.Mapper.Compiler", "Parliament.Ontology.Mapper.Compiler\Parliament.Ontology.Mapper.Compiler.csproj", "{F1F87F29-7F57-45EA-B20B-D627BFB22FD9}"
EndProject
Project("{FAE04EC0-301F-11D3-BF4B-00C04F79EFBC}") = "Parliament.Ontology.Serializer.Test", "Parliament.Ontology.Serializer.Test\Parliament.Ontology.Serializer.Test.csproj", "{5E3C158E-82EB-4C34-93BF-68FA0E43CE2E}"
EndProject
Global
	GlobalSection(SolutionConfigurationPlatforms) = preSolution
		Debug|Any CPU = Debug|Any CPU
		Release|Any CPU = Release|Any CPU
	EndGlobalSection
	GlobalSection(ProjectConfigurationPlatforms) = postSolution
		{8BB259BD-BAFE-4F68-973E-1DFF80166578}.Debug|Any CPU.ActiveCfg = Debug|Any CPU
		{8BB259BD-BAFE-4F68-973E-1DFF80166578}.Debug|Any CPU.Build.0 = Debug|Any CPU
		{8BB259BD-BAFE-4F68-973E-1DFF80166578}.Release|Any CPU.ActiveCfg = Release|Any CPU
		{8BB259BD-BAFE-4F68-973E-1DFF80166578}.Release|Any CPU.Build.0 = Release|Any CPU
		{4A0C2352-D095-4E5D-A5E9-6DE082C657E7}.Debug|Any CPU.ActiveCfg = Debug|Any CPU
		{4A0C2352-D095-4E5D-A5E9-6DE082C657E7}.Debug|Any CPU.Build.0 = Debug|Any CPU
		{4A0C2352-D095-4E5D-A5E9-6DE082C657E7}.Release|Any CPU.ActiveCfg = Release|Any CPU
		{4A0C2352-D095-4E5D-A5E9-6DE082C657E7}.Release|Any CPU.Build.0 = Release|Any CPU
		{98EC93F0-ACAE-4A40-88C2-2634611E9F8C}.Debug|Any CPU.ActiveCfg = Debug|Any CPU
		{98EC93F0-ACAE-4A40-88C2-2634611E9F8C}.Debug|Any CPU.Build.0 = Debug|Any CPU
		{98EC93F0-ACAE-4A40-88C2-2634611E9F8C}.Release|Any CPU.ActiveCfg = Release|Any CPU
		{98EC93F0-ACAE-4A40-88C2-2634611E9F8C}.Release|Any CPU.Build.0 = Release|Any CPU
		{F1F87F29-7F57-45EA-B20B-D627BFB22FD9}.Debug|Any CPU.ActiveCfg = Debug|Any CPU
		{F1F87F29-7F57-45EA-B20B-D627BFB22FD9}.Debug|Any CPU.Build.0 = Debug|Any CPU
		{F1F87F29-7F57-45EA-B20B-D627BFB22FD9}.Release|Any CPU.ActiveCfg = Release|Any CPU
		{F1F87F29-7F57-45EA-B20B-D627BFB22FD9}.Release|Any CPU.Build.0 = Release|Any CPU
		{5E3C158E-82EB-4C34-93BF-68FA0E43CE2E}.Debug|Any CPU.ActiveCfg = Debug|Any CPU
		{5E3C158E-82EB-4C34-93BF-68FA0E43CE2E}.Debug|Any CPU.Build.0 = Debug|Any CPU
		{5E3C158E-82EB-4C34-93BF-68FA0E43CE2E}.Release|Any CPU.ActiveCfg = Release|Any CPU
		{5E3C158E-82EB-4C34-93BF-68FA0E43CE2E}.Release|Any CPU.Build.0 = Release|Any CPU
	EndGlobalSection
	GlobalSection(SolutionProperties) = preSolution
		HideSolutionNode = FALSE
	EndGlobalSection
EndGlobal
